
Microsoft Visual Studio Solution File, Format Version 12.00
# Visual Studio 2013
VisualStudioVersion = 12.0.30723.0
MinimumVisualStudioVersion = 10.0.40219.1
Project("{FAE04EC0-301F-11D3-BF4B-00C04F79EFBC}") = "CodingPractice", "CodingPractice\CodingPractice.csproj", "{63D3BA89-C86F-4A5C-938F-821B118D1B7C}"
EndProject
Project("{FAE04EC0-301F-11D3-BF4B-00C04F79EFBC}") = "OutputApplication.cs", "OutputApplication.cs\OutputApplication.cs.csproj", "{5BA90B6E-403E-4236-B73C-2050289CC788}"
EndProject
Global
	GlobalSection(SolutionConfigurationPlatforms) = preSolution
		Debug|Any CPU = Debug|Any CPU
		Release|Any CPU = Release|Any CPU
	EndGlobalSection
	GlobalSection(ProjectConfigurationPlatforms) = postSolution
		{63D3BA89-C86F-4A5C-938F-821B118D1B7C}.Debug|Any CPU.ActiveCfg = Debug|Any CPU
		{63D3BA89-C86F-4A5C-938F-821B118D1B7C}.Debug|Any CPU.Build.0 = Debug|Any CPU
		{63D3BA89-C86F-4A5C-938F-821B118D1B7C}.Release|Any CPU.ActiveCfg = Release|Any CPU
		{63D3BA89-C86F-4A5C-938F-821B118D1B7C}.Release|Any CPU.Build.0 = Release|Any CPU
		{5BA90B6E-403E-4236-B73C-2050289CC788}.Debug|Any CPU.ActiveCfg = Debug|Any CPU
		{5BA90B6E-403E-4236-B73C-2050289CC788}.Debug|Any CPU.Build.0 = Debug|Any CPU
		{5BA90B6E-403E-4236-B73C-2050289CC788}.Release|Any CPU.ActiveCfg = Release|Any CPU
		{5BA90B6E-403E-4236-B73C-2050289CC788}.Release|Any CPU.Build.0 = Release|Any CPU
	EndGlobalSection
	GlobalSection(SolutionProperties) = preSolution
		HideSolutionNode = FALSE
	EndGlobalSection
EndGlobal
